// !$*UTF8*$!
{
	archiveVersion = 1;
	classes = {
	};
	objectVersion = 46;
	objects = {

/* Begin PBXBuildFile section */
		1D7E23051D40D95100BFD9BF /* main.m in Sources */ = {isa = PBXBuildFile; fileRef = 1D7E23041D40D95100BFD9BF /* main.m */; };
		1D7E23131D40D95100BFD9BF /* LaunchScreen.storyboard in Resources */ = {isa = PBXBuildFile; fileRef = 1D7E23111D40D95100BFD9BF /* LaunchScreen.storyboard */; };
		1D7E23221D40D9FB00BFD9BF /* AppDelegate.m in Sources */ = {isa = PBXBuildFile; fileRef = 1D7E231B1D40D9FB00BFD9BF /* AppDelegate.m */; };
		1D7E23231D40D9FB00BFD9BF /* MainViewController.m in Sources */ = {isa = PBXBuildFile; fileRef = 1D7E231D1D40D9FB00BFD9BF /* MainViewController.m */; };
		1D7E23241D40D9FB00BFD9BF /* ShopCarAnimationViewController.m in Sources */ = {isa = PBXBuildFile; fileRef = 1D7E231F1D40D9FB00BFD9BF /* ShopCarAnimationViewController.m */; };
		1D7E23251D40D9FB00BFD9BF /* ShopCarViewController.m in Sources */ = {isa = PBXBuildFile; fileRef = 1D7E23211D40D9FB00BFD9BF /* ShopCarViewController.m */; };
		1D7E232F1D40DC1300BFD9BF /* Assets.xcassets in Resources */ = {isa = PBXBuildFile; fileRef = 1D7E232E1D40DC1300BFD9BF /* Assets.xcassets */; };
/* End PBXBuildFile section */

/* Begin PBXFileReference section */
		1D7E23001D40D95000BFD9BF /* ShoppingCarAnimation.app */ = {isa = PBXFileReference; explicitFileType = wrapper.application; includeInIndex = 0; path = ShoppingCarAnimation.app; sourceTree = BUILT_PRODUCTS_DIR; };
		1D7E23041D40D95100BFD9BF /* main.m */ = {isa = PBXFileReference; lastKnownFileType = sourcecode.c.objc; path = main.m; sourceTree = "<group>"; };
		1D7E23121D40D95100BFD9BF /* Base */ = {isa = PBXFileReference; lastKnownFileType = file.storyboard; name = Base; path = Base.lproj/LaunchScreen.storyboard; sourceTree = "<group>"; };
		1D7E23141D40D95100BFD9BF /* Info.plist */ = {isa = PBXFileReference; lastKnownFileType = text.plist.xml; path = Info.plist; sourceTree = "<group>"; };
		1D7E231A1D40D9FB00BFD9BF /* AppDelegate.h */ = {isa = PBXFileReference; fileEncoding = 4; lastKnownFileType = sourcecode.c.h; path = AppDelegate.h; sourceTree = "<group>"; };
		1D7E231B1D40D9FB00BFD9BF /* AppDelegate.m */ = {isa = PBXFileReference; fileEncoding = 4; lastKnownFileType = sourcecode.c.objc; path = AppDelegate.m; sourceTree = "<group>"; };
		1D7E231C1D40D9FB00BFD9BF /* MainViewController.h */ = {isa = PBXFileReference; fileEncoding = 4; lastKnownFileType = sourcecode.c.h; path = MainViewController.h; sourceTree = "<group>"; };
		1D7E231D1D40D9FB00BFD9BF /* MainViewController.m */ = {isa = PBXFileReference; fileEncoding = 4; lastKnownFileType = sourcecode.c.objc; path = MainViewController.m; sourceTree = "<group>"; };
		1D7E231E1D40D9FB00BFD9BF /* ShopCarAnimationViewController.h */ = {isa = PBXFileReference; fileEncoding = 4; lastKnownFileType = sourcecode.c.h; path = ShopCarAnimationViewController.h; sourceTree = "<group>"; };
		1D7E231F1D40D9FB00BFD9BF /* ShopCarAnimationViewController.m */ = {isa = PBXFileReference; fileEncoding = 4; lastKnownFileType = sourcecode.c.objc; path = ShopCarAnimationViewController.m; sourceTree = "<group>"; };
		1D7E23201D40D9FB00BFD9BF /* ShopCarViewController.h */ = {isa = PBXFileReference; fileEncoding = 4; lastKnownFileType = sourcecode.c.h; path = ShopCarViewController.h; sourceTree = "<group>"; };
		1D7E23211D40D9FB00BFD9BF /* ShopCarViewController.m */ = {isa = PBXFileReference; fileEncoding = 4; lastKnownFileType = sourcecode.c.objc; path = ShopCarViewController.m; sourceTree = "<group>"; };
		1D7E232E1D40DC1300BFD9BF /* Assets.xcassets */ = {isa = PBXFileReference; lastKnownFileType = folder.assetcatalog; path = Assets.xcassets; sourceTree = "<group>"; };
/* End PBXFileReference section */

/* Begin PBXFrameworksBuildPhase section */
		1D7E22FD1D40D95000BFD9BF /* Frameworks */ = {
			isa = PBXFrameworksBuildPhase;
			buildActionMask = 2147483647;
			files = (
			);
			runOnlyForDeploymentPostprocessing = 0;
		};
/* End PBXFrameworksBuildPhase section */

/* Begin PBXGroup section */
		1D7E22F71D40D95000BFD9BF = {
			isa = PBXGroup;
			children = (
				1D7E23021D40D95100BFD9BF /* ShoppingCarAnimation */,
				1D7E23011D40D95000BFD9BF /* Products */,
			);
			sourceTree = "<group>";
		};
		1D7E23011D40D95000BFD9BF /* Products */ = {
			isa = PBXGroup;
			children = (
				1D7E23001D40D95000BFD9BF /* ShoppingCarAnimation.app */,
			);
			name = Products;
			sourceTree = "<group>";
		};
		1D7E23021D40D95100BFD9BF /* ShoppingCarAnimation */ = {
			isa = PBXGroup;
			children = (
				1D7E231A1D40D9FB00BFD9BF /* AppDelegate.h */,
				1D7E231B1D40D9FB00BFD9BF /* AppDelegate.m */,
				1D7E231C1D40D9FB00BFD9BF /* MainViewController.h */,
				1D7E231D1D40D9FB00BFD9BF /* MainViewController.m */,
				1D7E231E1D40D9FB00BFD9BF /* ShopCarAnimationViewController.h */,
				1D7E231F1D40D9FB00BFD9BF /* ShopCarAnimationViewController.m */,
				1D7E23201D40D9FB00BFD9BF /* ShopCarViewController.h */,
				1D7E23211D40D9FB00BFD9BF /* ShopCarViewController.m */,
				1D7E23111D40D95100BFD9BF /* LaunchScreen.storyboard */,
				1D7E232E1D40DC1300BFD9BF /* Assets.xcassets */,
				1D7E23141D40D95100BFD9BF /* Info.plist */,
				1D7E23031D40D95100BFD9BF /* Supporting Files */,
			);
			path = ShoppingCarAnimation;
			sourceTree = "<group>";
		};
		1D7E23031D40D95100BFD9BF /* Supporting Files */ = {
			isa = PBXGroup;
			children = (
				1D7E23041D40D95100BFD9BF /* main.m */,
			);
			name = "Supporting Files";
			sourceTree = "<group>";
		};
/* End PBXGroup section */

/* Begin PBXNativeTarget section */
		1D7E22FF1D40D95000BFD9BF /* ShoppingCarAnimation */ = {
			isa = PBXNativeTarget;
			buildConfigurationList = 1D7E23171D40D95100BFD9BF /* Build configuration list for PBXNativeTarget "ShoppingCarAnimation" */;
			buildPhases = (
				1D7E22FC1D40D95000BFD9BF /* Sources */,
				1D7E22FD1D40D95000BFD9BF /* Frameworks */,
				1D7E22FE1D40D95000BFD9BF /* Resources */,
			);
			buildRules = (
			);
			dependencies = (
			);
			name = ShoppingCarAnimation;
			productName = ShoppingCarAnimation;
			productReference = 1D7E23001D40D95000BFD9BF /* ShoppingCarAnimation.app */;
			productType = "com.apple.product-type.application";
		};
/* End PBXNativeTarget section */

/* Begin PBXProject section */
		1D7E22F81D40D95000BFD9BF /* Project object */ = {
			isa = PBXProject;
			attributes = {
				LastUpgradeCheck = 0730;
				ORGANIZATIONNAME = LHL;
				TargetAttributes = {
					1D7E22FF1D40D95000BFD9BF = {
						CreatedOnToolsVersion = 7.3;
					};
				};
			};
			buildConfigurationList = 1D7E22FB1D40D95000BFD9BF /* Build configuration list for PBXProject "ShoppingCarAnimation" */;
			compatibilityVersion = "Xcode 3.2";
			developmentRegion = English;
			hasScannedForEncodings = 0;
			knownRegions = (
				en,
				Base,
			);
			mainGroup = 1D7E22F71D40D95000BFD9BF;
			productRefGroup = 1D7E23011D40D95000BFD9BF /* Products */;
			projectDirPath = "";
			projectRoot = "";
			targets = (
				1D7E22FF1D40D95000BFD9BF /* ShoppingCarAnimation */,
			);
		};
/* End PBXProject section */

/* Begin PBXResourcesBuildPhase section */
		1D7E22FE1D40D95000BFD9BF /* Resources */ = {
			isa = PBXResourcesBuildPhase;
			buildActionMask = 2147483647;
			files = (
				1D7E232F1D40DC1300BFD9BF /* Assets.xcassets in Resources */,
				1D7E23131D40D95100BFD9BF /* LaunchScreen.storyboard in Resources */,
			);
			runOnlyForDeploymentPostprocessing = 0;
		};
/* End PBXResourcesBuildPhase section */

/* Begin PBXSourcesBuildPhase section */
		1D7E22FC1D40D95000BFD9BF /* Sources */ = {
			isa = PBXSourcesBuildPhase;
			buildActionMask = 2147483647;
			files = (
				1D7E23241D40D9FB00BFD9BF /* ShopCarAnimationViewController.m in Sources */,
				1D7E23251D40D9FB00BFD9BF /* ShopCarViewController.m in Sources */,
				1D7E23221D40D9FB00BFD9BF /* AppDelegate.m in Sources */,
				1D7E23231D40D9FB00BFD9BF /* MainViewController.m in Sources */,
				1D7E23051D40D95100BFD9BF /* main.m in Sources */,
			);
			runOnlyForDeploymentPostprocessing = 0;
		};
/* End PBXSourcesBuildPhase section */

/* Begin PBXVariantGroup section */
		1D7E23111D40D95100BFD9BF /* LaunchScreen.storyboard */ = {
			isa = PBXVariantGroup;
			children = (
				1D7E23121D40D95100BFD9BF /* Base */,
			);
			name = LaunchScreen.storyboard;
			sourceTree = "<group>";
		};
/* End PBXVariantGroup section */

/* Begin XCBuildConfiguration section */
		1D7E23151D40D95100BFD9BF /* Debug */ = {
			isa = XCBuildConfiguration;
			buildSettings = {
				ALWAYS_SEARCH_USER_PATHS = NO;
				CLANG_ANALYZER_NONNULL = YES;
				CLANG_CXX_LANGUAGE_STANDARD = "gnu++0x";
				CLANG_CXX_LIBRARY = "libc++";
				CLANG_ENABLE_MODULES = YES;
				CLANG_ENABLE_OBJC_ARC = YES;
				CLANG_WARN_BOOL_CONVERSION = YES;
				CLANG_WARN_CONSTANT_CONVERSION = YES;
				CLANG_WARN_DIRECT_OBJC_ISA_USAGE = YES_ERROR;
				CLANG_WARN_EMPTY_BODY = YES;
				CLANG_WARN_ENUM_CONVERSION = YES;
				CLANG_WARN_INT_CONVERSION = YES;
				CLANG_WARN_OBJC_ROOT_CLASS = YES_ERROR;
				CLANG_WARN_UNREACHABLE_CODE = YES;
				CLANG_WARN__DUPLICATE_METHOD_MATCH = YES;
				"CODE_SIGN_IDENTITY[sdk=iphoneos*]" = "iPhone Developer";
				COPY_PHASE_STRIP = NO;
				DEBUG_INFORMATION_FORMAT = dwarf;
				ENABLE_STRICT_OBJC_MSGSEND = YES;
				ENABLE_TESTABILITY = YES;
				GCC_C_LANGUAGE_STANDARD = gnu99;
				GCC_DYNAMIC_NO_PIC = NO;
				GCC_NO_COMMON_BLOCKS = YES;
				GCC_OPTIMIZATION_LEVEL = 0;
				GCC_PREPROCESSOR_DEFINITIONS = (
					"DEBUG=1",
					"$(inherited)",
				);
				GCC_WARN_64_TO_32_BIT_CONVERSION = YES;
				GCC_WARN_ABOUT_RETURN_TYPE = YES_ERROR;
				GCC_WARN_UNDECLARED_SELECTOR = YES;
				GCC_WARN_UNINITIALIZED_AUTOS = YES_AGGRESSIVE;
				GCC_WARN_UNUSED_FUNCTION = YES;
				GCC_WARN_UNUSED_VARIABLE = YES;
				IPHONEOS_DEPLOYMENT_TARGET = 9.3;
				MTL_ENABLE_DEBUG_INFO = YES;
				ONLY_ACTIVE_ARCH = YES;
				SDKROOT = iphoneos;
			};
			name = Debug;
		};
		1D7E23161D40D95100BFD9BF /* Release */ = {
			isa = XCBuildConfiguration;
			buildSettings = {
				ALWAYS_SEARCH_USER_PATHS = NO;
				CLANG_ANALYZER_NONNULL = YES;
				CLANG_CXX_LANGUAGE_STANDARD = "gnu++0x";
				CLANG_CXX_LIBRARY = "libc++";
				CLANG_ENABLE_MODULES = YES;
				CLANG_ENABLE_OBJC_ARC = YES;
				CLANG_WARN_BOOL_CONVERSION = YES;
				CLANG_WARN_CONSTANT_CONVERSION = YES;
				CLANG_WARN_DIRECT_OBJC_ISA_USAGE = YES_ERROR;
				CLANG_WARN_EMPTY_BODY = YES;
				CLANG_WARN_ENUM_CONVERSION = YES;
				CLANG_WARN_INT_CONVERSION = YES;
				CLANG_WARN_OBJC_ROOT_CLASS = YES_ERROR;
				CLANG_WARN_UNREACHABLE_CODE = YES;
				CLANG_WARN__DUPLICATE_METHOD_MATCH = YES;
				"CODE_SIGN_IDENTITY[sdk=iphoneos*]" = "iPhone Developer";
				COPY_PHASE_STRIP = NO;
				DEBUG_INFORMATION_FORMAT = "dwarf-with-dsym";
				ENABLE_NS_ASSERTIONS = NO;
				ENABLE_STRICT_OBJC_MSGSEND = YES;
				GCC_C_LANGUAGE_STANDARD = gnu99;
				GCC_NO_COMMON_BLOCKS = YES;
				GCC_WARN_64_TO_32_BIT_CONVERSION = YES;
				GCC_WARN_ABOUT_RETURN_TYPE = YES_ERROR;
				GCC_WARN_UNDECLARED_SELECTOR = YES;
				GCC_WARN_UNINITIALIZED_AUTOS = YES_AGGRESSIVE;
				GCC_WARN_UNUSED_FUNCTION = YES;
				GCC_WARN_UNUSED_VARIABLE = YES;
				IPHONEOS_DEPLOYMENT_TARGET = 9.3;
				MTL_ENABLE_DEBUG_INFO = NO;
				SDKROOT = iphoneos;
				VALIDATE_PRODUCT = YES;
			};
			name = Release;
		};
		1D7E23181D40D95100BFD9BF /* Debug */ = {
			isa = XCBuildConfiguration;
			buildSettings = {
				ASSETCATALOG_COMPILER_APPICON_NAME = AppIcon;
				INFOPLIST_FILE = ShoppingCarAnimation/Info.plist;
				IPHONEOS_DEPLOYMENT_TARGET = 7.0;
				LD_RUNPATH_SEARCH_PATHS = "$(inherited) @executable_path/Frameworks";
				PRODUCT_BUNDLE_IDENTIFIER = LHL.ShoppingCarAnimation;
				PRODUCT_NAME = "$(TARGET_NAME)";
			};
			name = Debug;
		};
		1D7E23191D40D95100BFD9BF /* Release */ = {
			isa = XCBuildConfiguration;
			buildSettings = {
				ASSETCATALOG_COMPILER_APPICON_NAME = AppIcon;
				INFOPLIST_FILE = ShoppingCarAnimation/Info.plist;
				IPHONEOS_DEPLOYMENT_TARGET = 7.0;
				LD_RUNPATH_SEARCH_PATHS = "$(inherited) @executable_path/Frameworks";
				PRODUCT_BUNDLE_IDENTIFIER = LHL.ShoppingCarAnimation;
				PRODUCT_NAME = "$(TARGET_NAME)";
			};
			name = Release;
		};
/* End XCBuildConfiguration section */

/* Begin XCConfigurationList section */
		1D7E22FB1D40D95000BFD9BF /* Build configuration list for PBXProject "ShoppingCarAnimation" */ = {
			isa = XCConfigurationList;
			buildConfigurations = (
				1D7E23151D40D95100BFD9BF /* Debug */,
				1D7E23161D40D95100BFD9BF /* Release */,
			);
			defaultConfigurationIsVisible = 0;
			defaultConfigurationName = Release;
		};
		1D7E23171D40D95100BFD9BF /* Build configuration list for PBXNativeTarget "ShoppingCarAnimation" */ = {
			isa = XCConfigurationList;
			buildConfigurations = (
				1D7E23181D40D95100BFD9BF /* Debug */,
				1D7E23191D40D95100BFD9BF /* Release */,
			);
			defaultConfigurationIsVisible = 0;
		};
/* End XCConfigurationList section */
	};
	rootObject = 1D7E22F81D40D95000BFD9BF /* Project object */;
}
